
Microsoft Visual Studio Solution File, Format Version 12.00
# Visual Studio Version 17
VisualStudioVersion = 17.9.34728.123
MinimumVisualStudioVersion = 10.0.40219.1
Project("{FAE04EC0-301F-11D3-BF4B-00C04F79EFBC}") = "chatbinds", "chatbinds\chatbinds.csproj", "{A67BE61B-36A9-43A6-BDD8-0841F380EB46}"
EndProject
Global
	GlobalSection(SolutionConfigurationPlatforms) = preSolution
		Debug|Any CPU = Debug|Any CPU
		Release|Any CPU = Release|Any CPU
	EndGlobalSection
	GlobalSection(ProjectConfigurationPlatforms) = postSolution
		{A67BE61B-36A9-43A6-BDD8-0841F380EB46}.Debug|Any CPU.ActiveCfg = Debug|Any CPU
		{A67BE61B-36A9-43A6-BDD8-0841F380EB46}.Debug|Any CPU.Build.0 = Debug|Any CPU
		{A67BE61B-36A9-43A6-BDD8-0841F380EB46}.Release|Any CPU.ActiveCfg = Release|Any CPU
		{A67BE61B-36A9-43A6-BDD8-0841F380EB46}.Release|Any CPU.Build.0 = Release|Any CPU
	EndGlobalSection
	GlobalSection(SolutionProperties) = preSolution
		HideSolutionNode = FALSE
	EndGlobalSection
	GlobalSection(ExtensibilityGlobals) = postSolution
		SolutionGuid = {F6420816-781F-4EC8-922A-67EAD73C71C2}
	EndGlobalSection
EndGlobal
